
Microsoft Visual Studio Solution File, Format Version 12.00
# Visual Studio Version 16
VisualStudioVersion = 16.0.28922.388
MinimumVisualStudioVersion = 10.0.40219.1
Project("{FAE04EC0-301F-11D3-BF4B-00C04F79EFBC}") = "TaskBoard.WEB", "TaskBoard.WEB\TaskBoard.WEB.csproj", "{67FE57F8-5642-47F7-946B-56D78E36507C}"
EndProject
Project("{FAE04EC0-301F-11D3-BF4B-00C04F79EFBC}") = "TaskBoard.DAL", "TaskBoard.DAL\TaskBoard.DAL.csproj", "{CB729387-C9E7-4691-92A4-B28A36D02F12}"
EndProject
Project("{FAE04EC0-301F-11D3-BF4B-00C04F79EFBC}") = "TaskBoard.BLL", "TaskBoard.BLL\TaskBoard.BLL.csproj", "{E701A7B5-15FB-4E0A-8EA8-C02861C28FB3}"
EndProject
Global
	GlobalSection(SolutionConfigurationPlatforms) = preSolution
		Debug|Any CPU = Debug|Any CPU
		Release|Any CPU = Release|Any CPU
	EndGlobalSection
	GlobalSection(ProjectConfigurationPlatforms) = postSolution
		{67FE57F8-5642-47F7-946B-56D78E36507C}.Debug|Any CPU.ActiveCfg = Debug|Any CPU
		{67FE57F8-5642-47F7-946B-56D78E36507C}.Debug|Any CPU.Build.0 = Debug|Any CPU
		{67FE57F8-5642-47F7-946B-56D78E36507C}.Release|Any CPU.ActiveCfg = Release|Any CPU
		{67FE57F8-5642-47F7-946B-56D78E36507C}.Release|Any CPU.Build.0 = Release|Any CPU
		{CB729387-C9E7-4691-92A4-B28A36D02F12}.Debug|Any CPU.ActiveCfg = Debug|Any CPU
		{CB729387-C9E7-4691-92A4-B28A36D02F12}.Debug|Any CPU.Build.0 = Debug|Any CPU
		{CB729387-C9E7-4691-92A4-B28A36D02F12}.Release|Any CPU.ActiveCfg = Release|Any CPU
		{CB729387-C9E7-4691-92A4-B28A36D02F12}.Release|Any CPU.Build.0 = Release|Any CPU
		{E701A7B5-15FB-4E0A-8EA8-C02861C28FB3}.Debug|Any CPU.ActiveCfg = Debug|Any CPU
		{E701A7B5-15FB-4E0A-8EA8-C02861C28FB3}.Debug|Any CPU.Build.0 = Debug|Any CPU
		{E701A7B5-15FB-4E0A-8EA8-C02861C28FB3}.Release|Any CPU.ActiveCfg = Release|Any CPU
		{E701A7B5-15FB-4E0A-8EA8-C02861C28FB3}.Release|Any CPU.Build.0 = Release|Any CPU
	EndGlobalSection
	GlobalSection(SolutionProperties) = preSolution
		HideSolutionNode = FALSE
	EndGlobalSection
	GlobalSection(ExtensibilityGlobals) = postSolution
		SolutionGuid = {2412574D-435C-4D9F-A3B9-50C7AB399DC7}
	EndGlobalSection
EndGlobal
